{
  "nodes": {
    "apifox-github": {
      "inputs": {
        "nixpkgs": [
          "nixpkgs"
        ]
      },
      "locked": {
        "lastModified": 1779417567,
        "narHash": "sha256-42ed179TrSy5krC/YOzARwv/8nobjZIJAnuilp1/U7Y=",
        "owner": "luozenan",
        "repo": "nixos-apifox",
        "rev": "7dadecc54e9bd74c676b173763be85109a6b55c8",
        "type": "github"
      },
      "original": {
        "owner": "luozenan",
        "repo": "nixos-apifox",
        "type": "github"
      }
    },
    "electerm-github": {
      "inputs": {
        "nixpkgs": [
          "nixpkgs"
        ]
      },
      "locked": {
        "lastModified": 1770362012,
        "narHash": "sha256-f6/wjHGINXSV/peVq0dgWDdll1819ytUVIP0Ev2oumk=",
        "owner": "luozenan",
        "repo": "nixos-electerm",
        "rev": "7dd3d31a8fa8ea1519465eaaf8b85a9fd831c7a6",
        "type": "github"
      },
      "original": {
        "owner": "luozenan",
        "repo": "nixos-electerm",
        "type": "github"
      }
    },
    "flake-parts": {
      "inputs": {
        "nixpkgs-lib": [
          "nixvim",
          "nixpkgs"
        ]
      },
      "locked": {
        "lastModified": 1778716662,
        "narHash": "sha256-m1Yf0wZ8j1OHjTc2UwHwyQRSnNeSgLJOd7q5Y45hzi4=",
        "owner": "hercules-ci",
        "repo": "flake-parts",
        "rev": "f7c1a2d347e4c52d5fb8d10cb4d94b5884e546fb",
        "type": "github"
      },
      "original": {
        "owner": "hercules-ci",
        "repo": "flake-parts",
        "type": "github"
      }
    },
    "home-manager": {
      "inputs": {
        "nixpkgs": [
          "nixpkgs"
        ]
      },
      "locked": {
        "lastModified": 1779336838,
        "narHash": "sha256-n1+l78hJRABp4cQHKeD0BVByT0vZLPqd09Tvoq8Q+d8=",
        "owner": "nix-community",
        "repo": "home-manager",
        "rev": "928d72376949e222ea4f07b44828a55b0136422e",
        "type": "github"
      },
      "original": {
        "owner": "nix-community",
        "repo": "home-manager",
        "type": "github"
      }
    },
    "nixpkgs": {
      "locked": {
        "lastModified": 1779416687,
        "narHash": "sha256-C87ORvzFcDB4R5vlUHmMn2PDE94yIGdFi0MQ/2okvvs=",
        "owner": "NixOS",
        "repo": "nixpkgs",
        "rev": "3b516440c5ff9d347641b49c787a3ebe31a6048e",
        "type": "github"
      },
      "original": {
        "owner": "NixOS",
        "ref": "master",
        "repo": "nixpkgs",
        "type": "github"
      }
    },
    "nixvim": {
      "inputs": {
        "flake-parts": "flake-parts",
        "nixpkgs": [
          "nixpkgs"
        ],
        "systems": "systems"
      },
      "locked": {
        "lastModified": 1779415812,
        "narHash": "sha256-kNCxRBKYMzX7PC4AGiHV4MV2A0SlBvP/89LJVB/mIDs=",
        "owner": "nix-community",
        "repo": "nixvim",
        "rev": "4503b3c5e99c825ca6055a393f1bb3c95e68ba16",
        "type": "github"
      },
      "original": {
        "owner": "nix-community",
        "repo": "nixvim",
        "type": "github"
      }
    },
    "root": {
      "inputs": {
        "apifox-github": "apifox-github",
        "electerm-github": "electerm-github",
        "home-manager": "home-manager",
        "nixpkgs": "nixpkgs",
        "nixvim": "nixvim",
        "wechat-monitor": "wechat-monitor"
      }
    },
    "systems": {
      "locked": {
        "lastModified": 1681028828,
        "narHash": "sha256-Vy1rq5AaRuLzOxct8nz4T6wlgyUR7zLU309k9mBC768=",
        "owner": "nix-systems",
        "repo": "default",
        "rev": "da67096a3b9bf56a91d16901293e51ba5b49a27e",
        "type": "github"
      },
      "original": {
        "owner": "nix-systems",
        "repo": "default",
        "type": "github"
      }
    },
    "wechat-monitor": {
      "flake": false,
      "locked": {
        "lastModified": 1773554452,
        "narHash": "sha256-vok7gxILeciJVUOGz7Ut1sPQAYwDW6guervw3VQVS/0=",
        "owner": "Aozora-Wings",
        "repo": "wechat-linux-monitor",
        "rev": "afb2b7d6271352794d48c42870c178b79dff738d",
        "type": "github"
      },
      "original": {
        "owner": "Aozora-Wings",
        "repo": "wechat-linux-monitor",
        "type": "github"
      }
    }
  },
  "root": "root",
  "version": 7
}
